
Microsoft Visual Studio Solution File, Format Version 12.00
# Visual Studio Version 17
VisualStudioVersion = 17.9.34728.123
MinimumVisualStudioVersion = 10.0.40219.1
Project("{FAE04EC0-301F-11D3-BF4B-00C04F79EFBC}") = "BT", "BT.csproj", "{AE353696-446E-4EC6-A05D-5DB7F862DC18}"
EndProject
Global
	GlobalSection(SolutionConfigurationPlatforms) = preSolution
		Debug|Any CPU = Debug|Any CPU
		Release|Any CPU = Release|Any CPU
	EndGlobalSection
	GlobalSection(ProjectConfigurationPlatforms) = postSolution
		{AE353696-446E-4EC6-A05D-5DB7F862DC18}.Debug|Any CPU.ActiveCfg = Debug|Any CPU
		{AE353696-446E-4EC6-A05D-5DB7F862DC18}.Debug|Any CPU.Build.0 = Debug|Any CPU
		{AE353696-446E-4EC6-A05D-5DB7F862DC18}.Release|Any CPU.ActiveCfg = Release|Any CPU
		{AE353696-446E-4EC6-A05D-5DB7F862DC18}.Release|Any CPU.Build.0 = Release|Any CPU
	EndGlobalSection
	GlobalSection(SolutionProperties) = preSolution
		HideSolutionNode = FALSE
	EndGlobalSection
	GlobalSection(ExtensibilityGlobals) = postSolution
		SolutionGuid = {FB0F1033-9AB9-411B-AB9C-461A76359238}
	EndGlobalSection
EndGlobal
